// !$*UTF8*$!
{
	archiveVersion = 1;
	classes = {
	};
	objectVersion = 48;
	objects = {

/* Begin PBXBuildFile section */
		611D669E2059A1A400514813 /* DBCards+CoreDataClass.swift in Sources */ = {isa = PBXBuildFile; fileRef = 611D669C2059A1A400514813 /* DBCards+CoreDataClass.swift */; };
		611D669F2059A1A400514813 /* DBCards+CoreDataProperties.swift in Sources */ = {isa = PBXBuildFile; fileRef = 611D669D2059A1A400514813 /* DBCards+CoreDataProperties.swift */; };
		611D66A12059E5D900514813 /* Deck.swift in Sources */ = {isa = PBXBuildFile; fileRef = 611D66A02059E5D900514813 /* Deck.swift */; };
		611D66A32059E7C500514813 /* Hero.swift in Sources */ = {isa = PBXBuildFile; fileRef = 611D66A22059E7C500514813 /* Hero.swift */; };
		612836582057476300EAB311 /* Enums.swift in Sources */ = {isa = PBXBuildFile; fileRef = 612836572057476300EAB311 /* Enums.swift */; };
		614C96E9205AC01A00EB212C /* NewDeckVC.swift in Sources */ = {isa = PBXBuildFile; fileRef = 614C96E8205AC01A00EB212C /* NewDeckVC.swift */; };
		614C96EB205AC31F00EB212C /* HerosManager.swift in Sources */ = {isa = PBXBuildFile; fileRef = 614C96EA205AC31F00EB212C /* HerosManager.swift */; };
		614C96ED205AC34600EB212C /* DecksManager.swift in Sources */ = {isa = PBXBuildFile; fileRef = 614C96EC205AC34600EB212C /* DecksManager.swift */; };
		616BA622205575EA00D1453E /* WebDownloader.swift in Sources */ = {isa = PBXBuildFile; fileRef = 616BA621205575EA00D1453E /* WebDownloader.swift */; };
		616BA6242055769800D1453E /* ImagesDownloader.swift in Sources */ = {isa = PBXBuildFile; fileRef = 616BA6232055769800D1453E /* ImagesDownloader.swift */; };
		616BA6262055774900D1453E /* htmlWebPraser.swift in Sources */ = {isa = PBXBuildFile; fileRef = 616BA6252055774900D1453E /* htmlWebPraser.swift */; };
		616BA62820557A5B00D1453E /* CardObjectMaker.swift in Sources */ = {isa = PBXBuildFile; fileRef = 616BA62720557A5B00D1453E /* CardObjectMaker.swift */; };
		616F33E0205466FF00C8A979 /* AppDelegate.swift in Sources */ = {isa = PBXBuildFile; fileRef = 616F33DF205466FF00C8A979 /* AppDelegate.swift */; };
		616F33E2205466FF00C8A979 /* ViewController.swift in Sources */ = {isa = PBXBuildFile; fileRef = 616F33E1205466FF00C8A979 /* ViewController.swift */; };
		616F33E5205466FF00C8A979 /* HeartStoneDecker.xcdatamodeld in Sources */ = {isa = PBXBuildFile; fileRef = 616F33E3205466FF00C8A979 /* HeartStoneDecker.xcdatamodeld */; };
		616F33E7205466FF00C8A979 /* Assets.xcassets in Resources */ = {isa = PBXBuildFile; fileRef = 616F33E6205466FF00C8A979 /* Assets.xcassets */; };
		616F33EA205466FF00C8A979 /* Main.storyboard in Resources */ = {isa = PBXBuildFile; fileRef = 616F33E8205466FF00C8A979 /* Main.storyboard */; };
		616F33F320548A6600C8A979 /* AppController.swift in Sources */ = {isa = PBXBuildFile; fileRef = 616F33F220548A6600C8A979 /* AppController.swift */; };
		616F33F520548A7600C8A979 /* Extensions.swift in Sources */ = {isa = PBXBuildFile; fileRef = 616F33F420548A7600C8A979 /* Extensions.swift */; };
		616F33F72054C08C00C8A979 /* CardsTableViewCell.swift in Sources */ = {isa = PBXBuildFile; fileRef = 616F33F62054C08C00C8A979 /* CardsTableViewCell.swift */; };
		618808CA2055F68100A926DD /* webDownloaderPage2.swift in Sources */ = {isa = PBXBuildFile; fileRef = 618808C92055F68100A926DD /* webDownloaderPage2.swift */; };
		618808CC20560BB000A926DD /* DataBaseManager.swift in Sources */ = {isa = PBXBuildFile; fileRef = 618808CB20560BB000A926DD /* DataBaseManager.swift */; };
		619CBCDF205A013E00F0EB65 /* CardsChosser.swift in Sources */ = {isa = PBXBuildFile; fileRef = 619CBCDE205A013E00F0EB65 /* CardsChosser.swift */; };
/* End PBXBuildFile section */

/* Begin PBXFileReference section */
		611D669C2059A1A400514813 /* DBCards+CoreDataClass.swift */ = {isa = PBXFileReference; lastKnownFileType = sourcecode.swift; path = "DBCards+CoreDataClass.swift"; sourceTree = "<group>"; };
		611D669D2059A1A400514813 /* DBCards+CoreDataProperties.swift */ = {isa = PBXFileReference; lastKnownFileType = sourcecode.swift; path = "DBCards+CoreDataProperties.swift"; sourceTree = "<group>"; };
		611D66A02059E5D900514813 /* Deck.swift */ = {isa = PBXFileReference; lastKnownFileType = sourcecode.swift; path = Deck.swift; sourceTree = "<group>"; };
		611D66A22059E7C500514813 /* Hero.swift */ = {isa = PBXFileReference; lastKnownFileType = sourcecode.swift; path = Hero.swift; sourceTree = "<group>"; };
		612836572057476300EAB311 /* Enums.swift */ = {isa = PBXFileReference; lastKnownFileType = sourcecode.swift; path = Enums.swift; sourceTree = "<group>"; };
		614C96E8205AC01A00EB212C /* NewDeckVC.swift */ = {isa = PBXFileReference; lastKnownFileType = sourcecode.swift; path = NewDeckVC.swift; sourceTree = "<group>"; };
		614C96EA205AC31F00EB212C /* HerosManager.swift */ = {isa = PBXFileReference; lastKnownFileType = sourcecode.swift; path = HerosManager.swift; sourceTree = "<group>"; };
		614C96EC205AC34600EB212C /* DecksManager.swift */ = {isa = PBXFileReference; lastKnownFileType = sourcecode.swift; path = DecksManager.swift; sourceTree = "<group>"; };
		616BA621205575EA00D1453E /* WebDownloader.swift */ = {isa = PBXFileReference; lastKnownFileType = sourcecode.swift; path = WebDownloader.swift; sourceTree = "<group>"; };
		616BA6232055769800D1453E /* ImagesDownloader.swift */ = {isa = PBXFileReference; lastKnownFileType = sourcecode.swift; path = ImagesDownloader.swift; sourceTree = "<group>"; };
		616BA6252055774900D1453E /* htmlWebPraser.swift */ = {isa = PBXFileReference; lastKnownFileType = sourcecode.swift; path = htmlWebPraser.swift; sourceTree = "<group>"; };
		616BA62720557A5B00D1453E /* CardObjectMaker.swift */ = {isa = PBXFileReference; lastKnownFileType = sourcecode.swift; path = CardObjectMaker.swift; sourceTree = "<group>"; };
		616F33DC205466FF00C8A979 /* HeartStoneDecker.app */ = {isa = PBXFileReference; explicitFileType = wrapper.application; includeInIndex = 0; path = HeartStoneDecker.app; sourceTree = BUILT_PRODUCTS_DIR; };
		616F33DF205466FF00C8A979 /* AppDelegate.swift */ = {isa = PBXFileReference; lastKnownFileType = sourcecode.swift; path = AppDelegate.swift; sourceTree = "<group>"; };
		616F33E1205466FF00C8A979 /* ViewController.swift */ = {isa = PBXFileReference; lastKnownFileType = sourcecode.swift; path = ViewController.swift; sourceTree = "<group>"; };
		616F33E4205466FF00C8A979 /* HeartStoneDecker.xcdatamodel */ = {isa = PBXFileReference; lastKnownFileType = wrapper.xcdatamodel; path = HeartStoneDecker.xcdatamodel; sourceTree = "<group>"; };
		616F33E6205466FF00C8A979 /* Assets.xcassets */ = {isa = PBXFileReference; lastKnownFileType = folder.assetcatalog; path = Assets.xcassets; sourceTree = "<group>"; };
		616F33E9205466FF00C8A979 /* Base */ = {isa = PBXFileReference; lastKnownFileType = file.storyboard; name = Base; path = Base.lproj/Main.storyboard; sourceTree = "<group>"; };
		616F33EB205466FF00C8A979 /* Info.plist */ = {isa = PBXFileReference; lastKnownFileType = text.plist.xml; path = Info.plist; sourceTree = "<group>"; };
		616F33EC205466FF00C8A979 /* HeartStoneDecker.entitlements */ = {isa = PBXFileReference; lastKnownFileType = text.plist.entitlements; path = HeartStoneDecker.entitlements; sourceTree = "<group>"; };
		616F33F220548A6600C8A979 /* AppController.swift */ = {isa = PBXFileReference; lastKnownFileType = sourcecode.swift; path = AppController.swift; sourceTree = "<group>"; };
		616F33F420548A7600C8A979 /* Extensions.swift */ = {isa = PBXFileReference; lastKnownFileType = sourcecode.swift; path = Extensions.swift; sourceTree = "<group>"; };
		616F33F62054C08C00C8A979 /* CardsTableViewCell.swift */ = {isa = PBXFileReference; lastKnownFileType = sourcecode.swift; path = CardsTableViewCell.swift; sourceTree = "<group>"; };
		618808C92055F68100A926DD /* webDownloaderPage2.swift */ = {isa = PBXFileReference; lastKnownFileType = sourcecode.swift; path = webDownloaderPage2.swift; sourceTree = "<group>"; };
		618808CB20560BB000A926DD /* DataBaseManager.swift */ = {isa = PBXFileReference; lastKnownFileType = sourcecode.swift; path = DataBaseManager.swift; sourceTree = "<group>"; };
		619CBCDE205A013E00F0EB65 /* CardsChosser.swift */ = {isa = PBXFileReference; lastKnownFileType = sourcecode.swift; path = CardsChosser.swift; sourceTree = "<group>"; };
/* End PBXFileReference section */

/* Begin PBXFrameworksBuildPhase section */
		616F33D9205466FF00C8A979 /* Frameworks */ = {
			isa = PBXFrameworksBuildPhase;
			buildActionMask = 2147483647;
			files = (
			);
			runOnlyForDeploymentPostprocessing = 0;
		};
/* End PBXFrameworksBuildPhase section */

/* Begin PBXGroup section */
		61283655205746AE00EAB311 /* CoreData */ = {
			isa = PBXGroup;
			children = (
				618808CB20560BB000A926DD /* DataBaseManager.swift */,
				611D669C2059A1A400514813 /* DBCards+CoreDataClass.swift */,
				611D669D2059A1A400514813 /* DBCards+CoreDataProperties.swift */,
			);
			name = CoreData;
			sourceTree = "<group>";
		};
		61283656205746F400EAB311 /* Web */ = {
			isa = PBXGroup;
			children = (
				616BA621205575EA00D1453E /* WebDownloader.swift */,
				616BA6252055774900D1453E /* htmlWebPraser.swift */,
				616BA6232055769800D1453E /* ImagesDownloader.swift */,
				618808C92055F68100A926DD /* webDownloaderPage2.swift */,
			);
			path = Web;
			sourceTree = "<group>";
		};
		616F33D3205466FF00C8A979 = {
			isa = PBXGroup;
			children = (
				616F33DF205466FF00C8A979 /* AppDelegate.swift */,
				61283655205746AE00EAB311 /* CoreData */,
				616F33DE205466FF00C8A979 /* HeartStoneDecker */,
				616F33DD205466FF00C8A979 /* Products */,
			);
			sourceTree = "<group>";
		};
		616F33DD205466FF00C8A979 /* Products */ = {
			isa = PBXGroup;
			children = (
				616F33DC205466FF00C8A979 /* HeartStoneDecker.app */,
			);
			name = Products;
			sourceTree = "<group>";
		};
		616F33DE205466FF00C8A979 /* HeartStoneDecker */ = {
			isa = PBXGroup;
			children = (
				616F33F220548A6600C8A979 /* AppController.swift */,
				616F33E1205466FF00C8A979 /* ViewController.swift */,
				614C96E8205AC01A00EB212C /* NewDeckVC.swift */,
				61283656205746F400EAB311 /* Web */,
				616F33F420548A7600C8A979 /* Extensions.swift */,
				612836572057476300EAB311 /* Enums.swift */,
				616BA62720557A5B00D1453E /* CardObjectMaker.swift */,
				616F33E6205466FF00C8A979 /* Assets.xcassets */,
				616F33E8205466FF00C8A979 /* Main.storyboard */,
				616F33F62054C08C00C8A979 /* CardsTableViewCell.swift */,
				616F33EB205466FF00C8A979 /* Info.plist */,
				616F33EC205466FF00C8A979 /* HeartStoneDecker.entitlements */,
				616F33E3205466FF00C8A979 /* HeartStoneDecker.xcdatamodeld */,
				611D66A02059E5D900514813 /* Deck.swift */,
				611D66A22059E7C500514813 /* Hero.swift */,
				619CBCDE205A013E00F0EB65 /* CardsChosser.swift */,
				614C96EA205AC31F00EB212C /* HerosManager.swift */,
				614C96EC205AC34600EB212C /* DecksManager.swift */,
			);
			path = HeartStoneDecker;
			sourceTree = "<group>";
		};
/* End PBXGroup section */

/* Begin PBXNativeTarget section */
		616F33DB205466FF00C8A979 /* HeartStoneDecker */ = {
			isa = PBXNativeTarget;
			buildConfigurationList = 616F33EF205466FF00C8A979 /* Build configuration list for PBXNativeTarget "HeartStoneDecker" */;
			buildPhases = (
				616F33D8205466FF00C8A979 /* Sources */,
				616F33D9205466FF00C8A979 /* Frameworks */,
				616F33DA205466FF00C8A979 /* Resources */,
			);
			buildRules = (
			);
			dependencies = (
			);
			name = HeartStoneDecker;
			productName = HeartStoneDecker;
			productReference = 616F33DC205466FF00C8A979 /* HeartStoneDecker.app */;
			productType = "com.apple.product-type.application";
		};
/* End PBXNativeTarget section */

/* Begin PBXProject section */
		616F33D4205466FF00C8A979 /* Project object */ = {
			isa = PBXProject;
			attributes = {
				LastSwiftUpdateCheck = 0920;
				LastUpgradeCheck = 0920;
				ORGANIZATIONNAME = Kurushetra;
				TargetAttributes = {
					616F33DB205466FF00C8A979 = {
						CreatedOnToolsVersion = 9.2;
						ProvisioningStyle = Automatic;
						SystemCapabilities = {
							com.apple.Sandbox = {
								enabled = 0;
							};
						};
					};
				};
			};
			buildConfigurationList = 616F33D7205466FF00C8A979 /* Build configuration list for PBXProject "HeartStoneDecker" */;
			compatibilityVersion = "Xcode 8.0";
			developmentRegion = en;
			hasScannedForEncodings = 0;
			knownRegions = (
				en,
				Base,
			);
			mainGroup = 616F33D3205466FF00C8A979;
			productRefGroup = 616F33DD205466FF00C8A979 /* Products */;
			projectDirPath = "";
			projectRoot = "";
			targets = (
				616F33DB205466FF00C8A979 /* HeartStoneDecker */,
			);
		};
/* End PBXProject section */

/* Begin PBXResourcesBuildPhase section */
		616F33DA205466FF00C8A979 /* Resources */ = {
			isa = PBXResourcesBuildPhase;
			buildActionMask = 2147483647;
			files = (
				616F33E7205466FF00C8A979 /* Assets.xcassets in Resources */,
				616F33EA205466FF00C8A979 /* Main.storyboard in Resources */,
			);
			runOnlyForDeploymentPostprocessing = 0;
		};
/* End PBXResourcesBuildPhase section */

/* Begin PBXSourcesBuildPhase section */
		616F33D8205466FF00C8A979 /* Sources */ = {
			isa = PBXSourcesBuildPhase;
			buildActionMask = 2147483647;
			files = (
				611D66A32059E7C500514813 /* Hero.swift in Sources */,
				616F33F520548A7600C8A979 /* Extensions.swift in Sources */,
				616F33E2205466FF00C8A979 /* ViewController.swift in Sources */,
				616F33E0205466FF00C8A979 /* AppDelegate.swift in Sources */,
				616BA62820557A5B00D1453E /* CardObjectMaker.swift in Sources */,
				614C96ED205AC34600EB212C /* DecksManager.swift in Sources */,
				618808CC20560BB000A926DD /* DataBaseManager.swift in Sources */,
				612836582057476300EAB311 /* Enums.swift in Sources */,
				616F33E5205466FF00C8A979 /* HeartStoneDecker.xcdatamodeld in Sources */,
				616F33F320548A6600C8A979 /* AppController.swift in Sources */,
				614C96EB205AC31F00EB212C /* HerosManager.swift in Sources */,
				618808CA2055F68100A926DD /* webDownloaderPage2.swift in Sources */,
				616F33F72054C08C00C8A979 /* CardsTableViewCell.swift in Sources */,
				616BA6262055774900D1453E /* htmlWebPraser.swift in Sources */,
				614C96E9205AC01A00EB212C /* NewDeckVC.swift in Sources */,
				616BA6242055769800D1453E /* ImagesDownloader.swift in Sources */,
				611D66A12059E5D900514813 /* Deck.swift in Sources */,
				611D669F2059A1A400514813 /* DBCards+CoreDataProperties.swift in Sources */,
				619CBCDF205A013E00F0EB65 /* CardsChosser.swift in Sources */,
				616BA622205575EA00D1453E /* WebDownloader.swift in Sources */,
				611D669E2059A1A400514813 /* DBCards+CoreDataClass.swift in Sources */,
			);
			runOnlyForDeploymentPostprocessing = 0;
		};
/* End PBXSourcesBuildPhase section */

/* Begin PBXVariantGroup section */
		616F33E8205466FF00C8A979 /* Main.storyboard */ = {
			isa = PBXVariantGroup;
			children = (
				616F33E9205466FF00C8A979 /* Base */,
			);
			name = Main.storyboard;
			sourceTree = "<group>";
		};
/* End PBXVariantGroup section */

/* Begin XCBuildConfiguration section */
		616F33ED205466FF00C8A979 /* Debug */ = {
			isa = XCBuildConfiguration;
			buildSettings = {
				ALWAYS_SEARCH_USER_PATHS = NO;
				CLANG_ANALYZER_NONNULL = YES;
				CLANG_ANALYZER_NUMBER_OBJECT_CONVERSION = YES_AGGRESSIVE;
				CLANG_CXX_LANGUAGE_STANDARD = "gnu++14";
				CLANG_CXX_LIBRARY = "libc++";
				CLANG_ENABLE_MODULES = YES;
				CLANG_ENABLE_OBJC_ARC = YES;
				CLANG_WARN_BLOCK_CAPTURE_AUTORELEASING = YES;
				CLANG_WARN_BOOL_CONVERSION = YES;
				CLANG_WARN_COMMA = YES;
				CLANG_WARN_CONSTANT_CONVERSION = YES;
				CLANG_WARN_DIRECT_OBJC_ISA_USAGE = YES_ERROR;
				CLANG_WARN_DOCUMENTATION_COMMENTS = YES;
				CLANG_WARN_EMPTY_BODY = YES;
				CLANG_WARN_ENUM_CONVERSION = YES;
				CLANG_WARN_INFINITE_RECURSION = YES;
				CLANG_WARN_INT_CONVERSION = YES;
				CLANG_WARN_NON_LITERAL_NULL_CONVERSION = YES;
				CLANG_WARN_OBJC_LITERAL_CONVERSION = YES;
				CLANG_WARN_OBJC_ROOT_CLASS = YES_ERROR;
				CLANG_WARN_RANGE_LOOP_ANALYSIS = YES;
				CLANG_WARN_STRICT_PROTOTYPES = YES;
				CLANG_WARN_SUSPICIOUS_MOVE = YES;
				CLANG_WARN_UNGUARDED_AVAILABILITY = YES_AGGRESSIVE;
				CLANG_WARN_UNREACHABLE_CODE = YES;
				CLANG_WARN__DUPLICATE_METHOD_MATCH = YES;
				CODE_SIGN_IDENTITY = "Mac Developer";
				COPY_PHASE_STRIP = NO;
				DEBUG_INFORMATION_FORMAT = dwarf;
				ENABLE_STRICT_OBJC_MSGSEND = YES;
				ENABLE_TESTABILITY = YES;
				GCC_C_LANGUAGE_STANDARD = gnu11;
				GCC_DYNAMIC_NO_PIC = NO;
				GCC_NO_COMMON_BLOCKS = YES;
				GCC_OPTIMIZATION_LEVEL = 0;
				GCC_PREPROCESSOR_DEFINITIONS = (
					"DEBUG=1",
					"$(inherited)",
				);
				GCC_WARN_64_TO_32_BIT_CONVERSION = YES;
				GCC_WARN_ABOUT_RETURN_TYPE = YES_ERROR;
				GCC_WARN_UNDECLARED_SELECTOR = YES;
				GCC_WARN_UNINITIALIZED_AUTOS = YES_AGGRESSIVE;
				GCC_WARN_UNUSED_FUNCTION = YES;
				GCC_WARN_UNUSED_VARIABLE = YES;
				MACOSX_DEPLOYMENT_TARGET = 10.13;
				MTL_ENABLE_DEBUG_INFO = YES;
				ONLY_ACTIVE_ARCH = YES;
				SDKROOT = macosx;
				SWIFT_ACTIVE_COMPILATION_CONDITIONS = DEBUG;
				SWIFT_OPTIMIZATION_LEVEL = "-Onone";
			};
			name = Debug;
		};
		616F33EE205466FF00C8A979 /* Release */ = {
			isa = XCBuildConfiguration;
			buildSettings = {
				ALWAYS_SEARCH_USER_PATHS = NO;
				CLANG_ANALYZER_NONNULL = YES;
				CLANG_ANALYZER_NUMBER_OBJECT_CONVERSION = YES_AGGRESSIVE;
				CLANG_CXX_LANGUAGE_STANDARD = "gnu++14";
				CLANG_CXX_LIBRARY = "libc++";
				CLANG_ENABLE_MODULES = YES;
				CLANG_ENABLE_OBJC_ARC = YES;
				CLANG_WARN_BLOCK_CAPTURE_AUTORELEASING = YES;
				CLANG_WARN_BOOL_CONVERSION = YES;
				CLANG_WARN_COMMA = YES;
				CLANG_WARN_CONSTANT_CONVERSION = YES;
				CLANG_WARN_DIRECT_OBJC_ISA_USAGE = YES_ERROR;
				CLANG_WARN_DOCUMENTATION_COMMENTS = YES;
				CLANG_WARN_EMPTY_BODY = YES;
				CLANG_WARN_ENUM_CONVERSION = YES;
				CLANG_WARN_INFINITE_RECURSION = YES;
				CLANG_WARN_INT_CONVERSION = YES;
				CLANG_WARN_NON_LITERAL_NULL_CONVERSION = YES;
				CLANG_WARN_OBJC_LITERAL_CONVERSION = YES;
				CLANG_WARN_OBJC_ROOT_CLASS = YES_ERROR;
				CLANG_WARN_RANGE_LOOP_ANALYSIS = YES;
				CLANG_WARN_STRICT_PROTOTYPES = YES;
				CLANG_WARN_SUSPICIOUS_MOVE = YES;
				CLANG_WARN_UNGUARDED_AVAILABILITY = YES_AGGRESSIVE;
				CLANG_WARN_UNREACHABLE_CODE = YES;
				CLANG_WARN__DUPLICATE_METHOD_MATCH = YES;
				CODE_SIGN_IDENTITY = "Mac Developer";
				COPY_PHASE_STRIP = NO;
				DEBUG_INFORMATION_FORMAT = "dwarf-with-dsym";
				ENABLE_NS_ASSERTIONS = NO;
				ENABLE_STRICT_OBJC_MSGSEND = YES;
				GCC_C_LANGUAGE_STANDARD = gnu11;
				GCC_NO_COMMON_BLOCKS = YES;
				GCC_WARN_64_TO_32_BIT_CONVERSION = YES;
				GCC_WARN_ABOUT_RETURN_TYPE = YES_ERROR;
				GCC_WARN_UNDECLARED_SELECTOR = YES;
				GCC_WARN_UNINITIALIZED_AUTOS = YES_AGGRESSIVE;
				GCC_WARN_UNUSED_FUNCTION = YES;
				GCC_WARN_UNUSED_VARIABLE = YES;
				MACOSX_DEPLOYMENT_TARGET = 10.13;
				MTL_ENABLE_DEBUG_INFO = NO;
				SDKROOT = macosx;
				SWIFT_OPTIMIZATION_LEVEL = "-Owholemodule";
			};
			name = Release;
		};
		616F33F0205466FF00C8A979 /* Debug */ = {
			isa = XCBuildConfiguration;
			buildSettings = {
				ASSETCATALOG_COMPILER_APPICON_NAME = AppIcon;
				CODE_SIGN_STYLE = Automatic;
				COMBINE_HIDPI_IMAGES = YES;
				DEVELOPMENT_TEAM = TFF2HTL4NS;
				INFOPLIST_FILE = HeartStoneDecker/Info.plist;
				LD_RUNPATH_SEARCH_PATHS = "$(inherited) @executable_path/../Frameworks";
				PRODUCT_BUNDLE_IDENTIFIER = Talaiot.HeartStoneDecker;
				PRODUCT_NAME = "$(TARGET_NAME)";
				SWIFT_VERSION = 4.0;
			};
			name = Debug;
		};
		616F33F1205466FF00C8A979 /* Release */ = {
			isa = XCBuildConfiguration;
			buildSettings = {
				ASSETCATALOG_COMPILER_APPICON_NAME = AppIcon;
				CODE_SIGN_STYLE = Automatic;
				COMBINE_HIDPI_IMAGES = YES;
				DEVELOPMENT_TEAM = TFF2HTL4NS;
				INFOPLIST_FILE = HeartStoneDecker/Info.plist;
				LD_RUNPATH_SEARCH_PATHS = "$(inherited) @executable_path/../Frameworks";
				PRODUCT_BUNDLE_IDENTIFIER = Talaiot.HeartStoneDecker;
				PRODUCT_NAME = "$(TARGET_NAME)";
				SWIFT_VERSION = 4.0;
			};
			name = Release;
		};
/* End XCBuildConfiguration section */

/* Begin XCConfigurationList section */
		616F33D7205466FF00C8A979 /* Build configuration list for PBXProject "HeartStoneDecker" */ = {
			isa = XCConfigurationList;
			buildConfigurations = (
				616F33ED205466FF00C8A979 /* Debug */,
				616F33EE205466FF00C8A979 /* Release */,
			);
			defaultConfigurationIsVisible = 0;
			defaultConfigurationName = Release;
		};
		616F33EF205466FF00C8A979 /* Build configuration list for PBXNativeTarget "HeartStoneDecker" */ = {
			isa = XCConfigurationList;
			buildConfigurations = (
				616F33F0205466FF00C8A979 /* Debug */,
				616F33F1205466FF00C8A979 /* Release */,
			);
			defaultConfigurationIsVisible = 0;
			defaultConfigurationName = Release;
		};
/* End XCConfigurationList section */

/* Begin XCVersionGroup section */
		616F33E3205466FF00C8A979 /* HeartStoneDecker.xcdatamodeld */ = {
			isa = XCVersionGroup;
			children = (
				616F33E4205466FF00C8A979 /* HeartStoneDecker.xcdatamodel */,
			);
			currentVersion = 616F33E4205466FF00C8A979 /* HeartStoneDecker.xcdatamodel */;
			path = HeartStoneDecker.xcdatamodeld;
			sourceTree = "<group>";
			versionGroupType = wrapper.xcdatamodel;
		};
/* End XCVersionGroup section */
	};
	rootObject = 616F33D4205466FF00C8A979 /* Project object */;
}
